
Microsoft Visual Studio Solution File, Format Version 12.00
# Visual Studio Version 17
VisualStudioVersion = 17.2.32630.192
MinimumVisualStudioVersion = 10.0.40219.1
Project("{FAE04EC0-301F-11D3-BF4B-00C04F79EFBC}") = "taskN2", "taskN2\taskN2.csproj", "{2A8DE2CA-4C52-4BB8-8EE6-FF05620B46B3}"
EndProject
Global
	GlobalSection(SolutionConfigurationPlatforms) = preSolution
		Debug|Any CPU = Debug|Any CPU
		Release|Any CPU = Release|Any CPU
	EndGlobalSection
	GlobalSection(ProjectConfigurationPlatforms) = postSolution
		{2A8DE2CA-4C52-4BB8-8EE6-FF05620B46B3}.Debug|Any CPU.ActiveCfg = Debug|Any CPU
		{2A8DE2CA-4C52-4BB8-8EE6-FF05620B46B3}.Debug|Any CPU.Build.0 = Debug|Any CPU
		{2A8DE2CA-4C52-4BB8-8EE6-FF05620B46B3}.Release|Any CPU.ActiveCfg = Release|Any CPU
		{2A8DE2CA-4C52-4BB8-8EE6-FF05620B46B3}.Release|Any CPU.Build.0 = Release|Any CPU
	EndGlobalSection
	GlobalSection(SolutionProperties) = preSolution
		HideSolutionNode = FALSE
	EndGlobalSection
	GlobalSection(ExtensibilityGlobals) = postSolution
		SolutionGuid = {965AEE4D-379A-4868-B42F-5B7C859F0642}
	EndGlobalSection
EndGlobal
